#
# SPDX-License-Identifier: Apache-2.0
#
---
- name: Transfer creds to orderers
  hosts: orderingservices[0:{{instances | int - 1}}]
  vars:
    mode: a+rw
  tasks:
    - vars:
        src_dir: "{{item.src_dir}}"
        dst_dir: "{{item.dst_dir}}"
        filename: "{{item.filename | d('')}}"
      include_tasks: ../subtasks/copy-file.yaml
      when: creds_dir is defined
      loop:
        - {src_dir: "{{input_creds_path}}", filename: "genesisblock", dst_dir: "{{genesis_dir}}"}

